<Solution>
  <Project Path="MotoFlow.Api/MotoFlow.Api.csproj" />
  <Project Path="MotoFlow.Application/MotoFlow.Application.csproj" />
  <Project Path="MotoFlow.Domain/MotoFlow.Domain.csproj" />
  <Project Path="MotoFlow.Infrastructure/MotoFlow.Infrastructure.csproj" />
  <Project Path="MotoFlow.Tests/MotoFlow.Tests.csproj" />
</Solution>
